
Microsoft Visual Studio Solution File, Format Version 12.00
# Visual Studio Version 17
VisualStudioVersion = 17.14.36915.13
MinimumVisualStudioVersion = 10.0.40219.1
Project("{8BC9CEB8-8B4A-11D0-8D11-00A0C91BC942}") = "tests", "tests\tests.vcxproj", "{32D7D889-0DF8-455D-8CC8-DC53AA31F1C1}"
EndProject
Project("{8BC9CEB8-8B4A-11D0-8D11-00A0C91BC942}") = "benchmarks", "benchmarks\benchmarks.vcxproj", "{4D3CA1D9-EA61-4704-BD1C-F869823A5A41}"
EndProject
Project("{8BC9CEB8-8B4A-11D0-8D11-00A0C91BC942}") = "lodepng", "lodepng\lodepng.vcxproj", "{F41A6105-C3AA-49D9-AB69-A9716D00242A}"
EndProject
Project("{2150E333-8FDC-42A3-9474-1A3956D46DE8}") = "Solution Items", "Solution Items", "{8EC462FD-D22E-90A8-E5CE-7E832BA40C5D}"
	ProjectSection(SolutionItems) = preProject
		lodepng.slnf = lodepng.slnf
	EndProjectSection
EndProject
Global
	GlobalSection(SolutionConfigurationPlatforms) = preSolution
		Debug|x64 = Debug|x64
		Debug|x86 = Debug|x86
		Release|x64 = Release|x64
		Release|x86 = Release|x86
	EndGlobalSection
	GlobalSection(ProjectConfigurationPlatforms) = postSolution
		{32D7D889-0DF8-455D-8CC8-DC53AA31F1C1}.Debug|x64.ActiveCfg = Debug|x64
		{32D7D889-0DF8-455D-8CC8-DC53AA31F1C1}.Debug|x64.Build.0 = Debug|x64
		{32D7D889-0DF8-455D-8CC8-DC53AA31F1C1}.Debug|x86.ActiveCfg = Debug|Win32
		{32D7D889-0DF8-455D-8CC8-DC53AA31F1C1}.Debug|x86.Build.0 = Debug|Win32
		{32D7D889-0DF8-455D-8CC8-DC53AA31F1C1}.Release|x64.ActiveCfg = Release|x64
		{32D7D889-0DF8-455D-8CC8-DC53AA31F1C1}.Release|x64.Build.0 = Release|x64
		{32D7D889-0DF8-455D-8CC8-DC53AA31F1C1}.Release|x86.ActiveCfg = Release|Win32
		{32D7D889-0DF8-455D-8CC8-DC53AA31F1C1}.Release|x86.Build.0 = Release|Win32
		{4D3CA1D9-EA61-4704-BD1C-F869823A5A41}.Debug|x64.ActiveCfg = Debug|x64
		{4D3CA1D9-EA61-4704-BD1C-F869823A5A41}.Debug|x64.Build.0 = Debug|x64
		{4D3CA1D9-EA61-4704-BD1C-F869823A5A41}.Debug|x86.ActiveCfg = Debug|Win32
		{4D3CA1D9-EA61-4704-BD1C-F869823A5A41}.Debug|x86.Build.0 = Debug|Win32
		{4D3CA1D9-EA61-4704-BD1C-F869823A5A41}.Release|x64.ActiveCfg = Release|x64
		{4D3CA1D9-EA61-4704-BD1C-F869823A5A41}.Release|x64.Build.0 = Release|x64
		{4D3CA1D9-EA61-4704-BD1C-F869823A5A41}.Release|x86.ActiveCfg = Release|Win32
		{4D3CA1D9-EA61-4704-BD1C-F869823A5A41}.Release|x86.Build.0 = Release|Win32
		{F41A6105-C3AA-49D9-AB69-A9716D00242A}.Debug|x64.ActiveCfg = Debug|x64
		{F41A6105-C3AA-49D9-AB69-A9716D00242A}.Debug|x64.Build.0 = Debug|x64
		{F41A6105-C3AA-49D9-AB69-A9716D00242A}.Debug|x86.ActiveCfg = Debug|Win32
		{F41A6105-C3AA-49D9-AB69-A9716D00242A}.Debug|x86.Build.0 = Debug|Win32
		{F41A6105-C3AA-49D9-AB69-A9716D00242A}.Release|x64.ActiveCfg = Release|x64
		{F41A6105-C3AA-49D9-AB69-A9716D00242A}.Release|x64.Build.0 = Release|x64
		{F41A6105-C3AA-49D9-AB69-A9716D00242A}.Release|x86.ActiveCfg = Release|Win32
		{F41A6105-C3AA-49D9-AB69-A9716D00242A}.Release|x86.Build.0 = Release|Win32
	EndGlobalSection
	GlobalSection(SolutionProperties) = preSolution
		HideSolutionNode = FALSE
	EndGlobalSection
	GlobalSection(ExtensibilityGlobals) = postSolution
		SolutionGuid = {969C01D7-78A3-4DF0-8AC5-440B16114260}
	EndGlobalSection
EndGlobal
